{
  "object": {
    "pins": [
      {
        "package": "Yams",
        "repositoryURL": "https://github.com/jpsim/Yams.git",
        "state": {
          "branch": null,
          "revision": "95f45caf07472ec78223ebada45255086a85b01a",
          "version": "0.5.0"
        }
      }
    ]
  },
  "version": 1
}
