// !$*UTF8*$!
{
	archiveVersion = 1;
	classes = {
	};
	objectVersion = 50;
	objects = {

/* Begin PBXBuildFile section */
		5B0788BF231BE8CE00F7EFB3 /* MyClass.swift in Sources */ = {isa = PBXBuildFile; fileRef = 5B0788BE231BE8CE00F7EFB3 /* MyClass.swift */; };
		5B0788C1231BEA0100F7EFB3 /* MyClassSubclass.swift in Sources */ = {isa = PBXBuildFile; fileRef = 5B0788C0231BEA0100F7EFB3 /* MyClassSubclass.swift */; };
		5B0788C4231BF0A400F7EFB3 /* MockMyClass.generated.swift in Sources */ = {isa = PBXBuildFile; fileRef = 5B0788C2231BF0A300F7EFB3 /* MockMyClass.generated.swift */; };
		5B0788C5231BF0A400F7EFB3 /* MockMyClassSubclass.generated.swift in Sources */ = {isa = PBXBuildFile; fileRef = 5B0788C3231BF0A400F7EFB3 /* MockMyClassSubclass.generated.swift */; };
		5B0788C8231BF14800F7EFB3 /* MyProtocolledClass.swift in Sources */ = {isa = PBXBuildFile; fileRef = 5B0788C6231BF14700F7EFB3 /* MyProtocolledClass.swift */; };
		5B0788C9231BF14800F7EFB3 /* MyMyProtocolledSubclass.swift in Sources */ = {isa = PBXBuildFile; fileRef = 5B0788C7231BF14800F7EFB3 /* MyMyProtocolledSubclass.swift */; };
		5B0788CC231BF1C600F7EFB3 /* MockMyProtocolledSubclass.generated.swift in Sources */ = {isa = PBXBuildFile; fileRef = 5B0788CA231BF1C600F7EFB3 /* MockMyProtocolledSubclass.generated.swift */; };
		5B0788CD231BF1C600F7EFB3 /* MockMyProtocolledClass.generated.swift in Sources */ = {isa = PBXBuildFile; fileRef = 5B0788CB231BF1C600F7EFB3 /* MockMyProtocolledClass.generated.swift */; };
		5B0788CF231C011300F7EFB3 /* MyClassForPartial.swift in Sources */ = {isa = PBXBuildFile; fileRef = 5B0788CE231C011300F7EFB3 /* MyClassForPartial.swift */; };
		5B0788D1231C027600F7EFB3 /* MockMyClassForPartial.generated.swift in Sources */ = {isa = PBXBuildFile; fileRef = 5B0788D0231C027600F7EFB3 /* MockMyClassForPartial.generated.swift */; };
		5B4B93DD231BBB2B00E64F17 /* FuncTuplesArgs.swift in Sources */ = {isa = PBXBuildFile; fileRef = 5B4B93CF231BBB2B00E64F17 /* FuncTuplesArgs.swift */; };
		5B4B93DE231BBB2B00E64F17 /* FuncClosuresArgs.swift in Sources */ = {isa = PBXBuildFile; fileRef = 5B4B93D0231BBB2B00E64F17 /* FuncClosuresArgs.swift */; };
		5B4B93DF231BBB2B00E64F17 /* FuncTuplesReturns.swift in Sources */ = {isa = PBXBuildFile; fileRef = 5B4B93D1231BBB2B00E64F17 /* FuncTuplesReturns.swift */; };
		5B4B93E0231BBB2B00E64F17 /* FuncGenerics.swift in Sources */ = {isa = PBXBuildFile; fileRef = 5B4B93D2231BBB2B00E64F17 /* FuncGenerics.swift */; };
		5B4B93E1231BBB2B00E64F17 /* FuncTypesArgs.swift in Sources */ = {isa = PBXBuildFile; fileRef = 5B4B93D3231BBB2B00E64F17 /* FuncTypesArgs.swift */; };
		5B4B93E2231BBB2B00E64F17 /* FuncSpecial.swift in Sources */ = {isa = PBXBuildFile; fileRef = 5B4B93D4231BBB2B00E64F17 /* FuncSpecial.swift */; };
		5B4B93E3231BBB2B00E64F17 /* FuncClosuresReturns.swift in Sources */ = {isa = PBXBuildFile; fileRef = 5B4B93D5231BBB2B00E64F17 /* FuncClosuresReturns.swift */; };
		5B4B93E4231BBB2B00E64F17 /* FuncTypesReturns.swift in Sources */ = {isa = PBXBuildFile; fileRef = 5B4B93D6231BBB2B00E64F17 /* FuncTypesReturns.swift */; };
		5B4B93E5231BBB2B00E64F17 /* VarsSpecial.swift in Sources */ = {isa = PBXBuildFile; fileRef = 5B4B93D8231BBB2B00E64F17 /* VarsSpecial.swift */; };
		5B4B93E6231BBB2B00E64F17 /* Vars.swift in Sources */ = {isa = PBXBuildFile; fileRef = 5B4B93D9231BBB2B00E64F17 /* Vars.swift */; };
		5B4B93E7231BBB2B00E64F17 /* VarsTuples.swift in Sources */ = {isa = PBXBuildFile; fileRef = 5B4B93DA231BBB2B00E64F17 /* VarsTuples.swift */; };
		5B4B93E8231BBB2B00E64F17 /* VarsClosures.swift in Sources */ = {isa = PBXBuildFile; fileRef = 5B4B93DB231BBB2B00E64F17 /* VarsClosures.swift */; };
		5B4B93E9231BBB2B00E64F17 /* VarsGenerics.swift in Sources */ = {isa = PBXBuildFile; fileRef = 5B4B93DC231BBB2B00E64F17 /* VarsGenerics.swift */; };
		5B4B93F6231BBB9500E64F17 /* MockVarsClosures.generated.swift in Sources */ = {isa = PBXBuildFile; fileRef = 5B4B93EA231BBB9500E64F17 /* MockVarsClosures.generated.swift */; };
		5B4B93F7231BBB9500E64F17 /* MockFuncGenerics.generated.swift in Sources */ = {isa = PBXBuildFile; fileRef = 5B4B93EB231BBB9500E64F17 /* MockFuncGenerics.generated.swift */; };
		5B4B93F8231BBB9500E64F17 /* MockFuncTuplesArgs.generated.swift in Sources */ = {isa = PBXBuildFile; fileRef = 5B4B93EC231BBB9500E64F17 /* MockFuncTuplesArgs.generated.swift */; };
		5B4B93F9231BBB9500E64F17 /* MockFuncClosuresReturns.generated.swift in Sources */ = {isa = PBXBuildFile; fileRef = 5B4B93ED231BBB9500E64F17 /* MockFuncClosuresReturns.generated.swift */; };
		5B4B93FA231BBB9500E64F17 /* MockVarsSpecial.generated.swift in Sources */ = {isa = PBXBuildFile; fileRef = 5B4B93EE231BBB9500E64F17 /* MockVarsSpecial.generated.swift */; };
		5B4B93FB231BBB9500E64F17 /* MockVarsTuples.generated.swift in Sources */ = {isa = PBXBuildFile; fileRef = 5B4B93EF231BBB9500E64F17 /* MockVarsTuples.generated.swift */; };
		5B4B93FC231BBB9500E64F17 /* MockFuncSpecial.generated.swift in Sources */ = {isa = PBXBuildFile; fileRef = 5B4B93F0231BBB9500E64F17 /* MockFuncSpecial.generated.swift */; };
		5B4B93FD231BBB9500E64F17 /* MockFuncTypesReturns.generated.swift in Sources */ = {isa = PBXBuildFile; fileRef = 5B4B93F1231BBB9500E64F17 /* MockFuncTypesReturns.generated.swift */; };
		5B4B93FE231BBB9500E64F17 /* MockFuncClosuresArgs.generated.swift in Sources */ = {isa = PBXBuildFile; fileRef = 5B4B93F2231BBB9500E64F17 /* MockFuncClosuresArgs.generated.swift */; };
		5B4B93FF231BBB9600E64F17 /* MockFuncTuplesReturns.generated.swift in Sources */ = {isa = PBXBuildFile; fileRef = 5B4B93F3231BBB9500E64F17 /* MockFuncTuplesReturns.generated.swift */; };
		5B4B9400231BBB9600E64F17 /* MockFuncTypesArgs.generated.swift in Sources */ = {isa = PBXBuildFile; fileRef = 5B4B93F4231BBB9500E64F17 /* MockFuncTypesArgs.generated.swift */; };
		5B4B9401231BBB9600E64F17 /* MockVars.generated.swift in Sources */ = {isa = PBXBuildFile; fileRef = 5B4B93F5231BBB9500E64F17 /* MockVars.generated.swift */; };
		5B4B9403231BBD4000E64F17 /* MockVarsGenerics.generated.swift in Sources */ = {isa = PBXBuildFile; fileRef = 5B4B9402231BBD4000E64F17 /* MockVarsGenerics.generated.swift */; };
		5B6DE04222FEF35800FCB1CC /* Mirage.framework in Frameworks */ = {isa = PBXBuildFile; fileRef = 5B6DE04122FEF35700FCB1CC /* Mirage.framework */; };
		5B9E424822E3A20E00A6FACE /* AppDelegate.swift in Sources */ = {isa = PBXBuildFile; fileRef = 5B9E424722E3A20E00A6FACE /* AppDelegate.swift */; };
		5B9E424A22E3A20E00A6FACE /* ViewController.swift in Sources */ = {isa = PBXBuildFile; fileRef = 5B9E424922E3A20E00A6FACE /* ViewController.swift */; };
		5B9E424D22E3A20E00A6FACE /* Main.storyboard in Resources */ = {isa = PBXBuildFile; fileRef = 5B9E424B22E3A20E00A6FACE /* Main.storyboard */; };
		5B9E424F22E3A20F00A6FACE /* Assets.xcassets in Resources */ = {isa = PBXBuildFile; fileRef = 5B9E424E22E3A20F00A6FACE /* Assets.xcassets */; };
		5B9E425222E3A20F00A6FACE /* LaunchScreen.storyboard in Resources */ = {isa = PBXBuildFile; fileRef = 5B9E425022E3A20F00A6FACE /* LaunchScreen.storyboard */; };
		5B9E425D22E3A20F00A6FACE /* ExampleTests.swift in Sources */ = {isa = PBXBuildFile; fileRef = 5B9E425C22E3A20F00A6FACE /* ExampleTests.swift */; };
		5BFED22523002F740014B452 /* Any.swift in Sources */ = {isa = PBXBuildFile; fileRef = 5BFED21E23002F740014B452 /* Any.swift */; };
		5BFED22623002F740014B452 /* MockExts.swift in Sources */ = {isa = PBXBuildFile; fileRef = 5BFED21F23002F740014B452 /* MockExts.swift */; };
/* End PBXBuildFile section */

/* Begin PBXContainerItemProxy section */
		5B9E425922E3A20F00A6FACE /* PBXContainerItemProxy */ = {
			isa = PBXContainerItemProxy;
			containerPortal = 5B9E423C22E3A20D00A6FACE /* Project object */;
			proxyType = 1;
			remoteGlobalIDString = 5B9E424322E3A20D00A6FACE;
			remoteInfo = Example;
		};
/* End PBXContainerItemProxy section */

/* Begin PBXFileReference section */
		5B0788BE231BE8CE00F7EFB3 /* MyClass.swift */ = {isa = PBXFileReference; lastKnownFileType = sourcecode.swift; path = MyClass.swift; sourceTree = "<group>"; };
		5B0788C0231BEA0100F7EFB3 /* MyClassSubclass.swift */ = {isa = PBXFileReference; lastKnownFileType = sourcecode.swift; path = MyClassSubclass.swift; sourceTree = "<group>"; };
		5B0788C2231BF0A300F7EFB3 /* MockMyClass.generated.swift */ = {isa = PBXFileReference; fileEncoding = 4; lastKnownFileType = sourcecode.swift; path = MockMyClass.generated.swift; sourceTree = "<group>"; };
		5B0788C3231BF0A400F7EFB3 /* MockMyClassSubclass.generated.swift */ = {isa = PBXFileReference; fileEncoding = 4; lastKnownFileType = sourcecode.swift; path = MockMyClassSubclass.generated.swift; sourceTree = "<group>"; };
		5B0788C6231BF14700F7EFB3 /* MyProtocolledClass.swift */ = {isa = PBXFileReference; fileEncoding = 4; lastKnownFileType = sourcecode.swift; path = MyProtocolledClass.swift; sourceTree = "<group>"; };
		5B0788C7231BF14800F7EFB3 /* MyMyProtocolledSubclass.swift */ = {isa = PBXFileReference; fileEncoding = 4; lastKnownFileType = sourcecode.swift; path = MyMyProtocolledSubclass.swift; sourceTree = "<group>"; };
		5B0788CA231BF1C600F7EFB3 /* MockMyProtocolledSubclass.generated.swift */ = {isa = PBXFileReference; fileEncoding = 4; lastKnownFileType = sourcecode.swift; path = MockMyProtocolledSubclass.generated.swift; sourceTree = "<group>"; };
		5B0788CB231BF1C600F7EFB3 /* MockMyProtocolledClass.generated.swift */ = {isa = PBXFileReference; fileEncoding = 4; lastKnownFileType = sourcecode.swift; path = MockMyProtocolledClass.generated.swift; sourceTree = "<group>"; };
		5B0788CE231C011300F7EFB3 /* MyClassForPartial.swift */ = {isa = PBXFileReference; lastKnownFileType = sourcecode.swift; path = MyClassForPartial.swift; sourceTree = "<group>"; };
		5B0788D0231C027600F7EFB3 /* MockMyClassForPartial.generated.swift */ = {isa = PBXFileReference; fileEncoding = 4; lastKnownFileType = sourcecode.swift; path = MockMyClassForPartial.generated.swift; sourceTree = "<group>"; };
		5B4B93CF231BBB2B00E64F17 /* FuncTuplesArgs.swift */ = {isa = PBXFileReference; fileEncoding = 4; lastKnownFileType = sourcecode.swift; path = FuncTuplesArgs.swift; sourceTree = "<group>"; };
		5B4B93D0231BBB2B00E64F17 /* FuncClosuresArgs.swift */ = {isa = PBXFileReference; fileEncoding = 4; lastKnownFileType = sourcecode.swift; path = FuncClosuresArgs.swift; sourceTree = "<group>"; };
		5B4B93D1231BBB2B00E64F17 /* FuncTuplesReturns.swift */ = {isa = PBXFileReference; fileEncoding = 4; lastKnownFileType = sourcecode.swift; path = FuncTuplesReturns.swift; sourceTree = "<group>"; };
		5B4B93D2231BBB2B00E64F17 /* FuncGenerics.swift */ = {isa = PBXFileReference; fileEncoding = 4; lastKnownFileType = sourcecode.swift; path = FuncGenerics.swift; sourceTree = "<group>"; };
		5B4B93D3231BBB2B00E64F17 /* FuncTypesArgs.swift */ = {isa = PBXFileReference; fileEncoding = 4; lastKnownFileType = sourcecode.swift; path = FuncTypesArgs.swift; sourceTree = "<group>"; };
		5B4B93D4231BBB2B00E64F17 /* FuncSpecial.swift */ = {isa = PBXFileReference; fileEncoding = 4; lastKnownFileType = sourcecode.swift; path = FuncSpecial.swift; sourceTree = "<group>"; };
		5B4B93D5231BBB2B00E64F17 /* FuncClosuresReturns.swift */ = {isa = PBXFileReference; fileEncoding = 4; lastKnownFileType = sourcecode.swift; path = FuncClosuresReturns.swift; sourceTree = "<group>"; };
		5B4B93D6231BBB2B00E64F17 /* FuncTypesReturns.swift */ = {isa = PBXFileReference; fileEncoding = 4; lastKnownFileType = sourcecode.swift; path = FuncTypesReturns.swift; sourceTree = "<group>"; };
		5B4B93D8231BBB2B00E64F17 /* VarsSpecial.swift */ = {isa = PBXFileReference; fileEncoding = 4; lastKnownFileType = sourcecode.swift; path = VarsSpecial.swift; sourceTree = "<group>"; };
		5B4B93D9231BBB2B00E64F17 /* Vars.swift */ = {isa = PBXFileReference; fileEncoding = 4; lastKnownFileType = sourcecode.swift; path = Vars.swift; sourceTree = "<group>"; };
		5B4B93DA231BBB2B00E64F17 /* VarsTuples.swift */ = {isa = PBXFileReference; fileEncoding = 4; lastKnownFileType = sourcecode.swift; path = VarsTuples.swift; sourceTree = "<group>"; };
		5B4B93DB231BBB2B00E64F17 /* VarsClosures.swift */ = {isa = PBXFileReference; fileEncoding = 4; lastKnownFileType = sourcecode.swift; path = VarsClosures.swift; sourceTree = "<group>"; };
		5B4B93DC231BBB2B00E64F17 /* VarsGenerics.swift */ = {isa = PBXFileReference; fileEncoding = 4; lastKnownFileType = sourcecode.swift; path = VarsGenerics.swift; sourceTree = "<group>"; };
		5B4B93EA231BBB9500E64F17 /* MockVarsClosures.generated.swift */ = {isa = PBXFileReference; fileEncoding = 4; lastKnownFileType = sourcecode.swift; path = MockVarsClosures.generated.swift; sourceTree = "<group>"; };
		5B4B93EB231BBB9500E64F17 /* MockFuncGenerics.generated.swift */ = {isa = PBXFileReference; fileEncoding = 4; lastKnownFileType = sourcecode.swift; path = MockFuncGenerics.generated.swift; sourceTree = "<group>"; };
		5B4B93EC231BBB9500E64F17 /* MockFuncTuplesArgs.generated.swift */ = {isa = PBXFileReference; fileEncoding = 4; lastKnownFileType = sourcecode.swift; path = MockFuncTuplesArgs.generated.swift; sourceTree = "<group>"; };
		5B4B93ED231BBB9500E64F17 /* MockFuncClosuresReturns.generated.swift */ = {isa = PBXFileReference; fileEncoding = 4; lastKnownFileType = sourcecode.swift; path = MockFuncClosuresReturns.generated.swift; sourceTree = "<group>"; };
		5B4B93EE231BBB9500E64F17 /* MockVarsSpecial.generated.swift */ = {isa = PBXFileReference; fileEncoding = 4; lastKnownFileType = sourcecode.swift; path = MockVarsSpecial.generated.swift; sourceTree = "<group>"; };
		5B4B93EF231BBB9500E64F17 /* MockVarsTuples.generated.swift */ = {isa = PBXFileReference; fileEncoding = 4; lastKnownFileType = sourcecode.swift; path = MockVarsTuples.generated.swift; sourceTree = "<group>"; };
		5B4B93F0231BBB9500E64F17 /* MockFuncSpecial.generated.swift */ = {isa = PBXFileReference; fileEncoding = 4; lastKnownFileType = sourcecode.swift; path = MockFuncSpecial.generated.swift; sourceTree = "<group>"; };
		5B4B93F1231BBB9500E64F17 /* MockFuncTypesReturns.generated.swift */ = {isa = PBXFileReference; fileEncoding = 4; lastKnownFileType = sourcecode.swift; path = MockFuncTypesReturns.generated.swift; sourceTree = "<group>"; };
		5B4B93F2231BBB9500E64F17 /* MockFuncClosuresArgs.generated.swift */ = {isa = PBXFileReference; fileEncoding = 4; lastKnownFileType = sourcecode.swift; path = MockFuncClosuresArgs.generated.swift; sourceTree = "<group>"; };
		5B4B93F3231BBB9500E64F17 /* MockFuncTuplesReturns.generated.swift */ = {isa = PBXFileReference; fileEncoding = 4; lastKnownFileType = sourcecode.swift; path = MockFuncTuplesReturns.generated.swift; sourceTree = "<group>"; };
		5B4B93F4231BBB9500E64F17 /* MockFuncTypesArgs.generated.swift */ = {isa = PBXFileReference; fileEncoding = 4; lastKnownFileType = sourcecode.swift; path = MockFuncTypesArgs.generated.swift; sourceTree = "<group>"; };
		5B4B93F5231BBB9500E64F17 /* MockVars.generated.swift */ = {isa = PBXFileReference; fileEncoding = 4; lastKnownFileType = sourcecode.swift; path = MockVars.generated.swift; sourceTree = "<group>"; };
		5B4B9402231BBD4000E64F17 /* MockVarsGenerics.generated.swift */ = {isa = PBXFileReference; fileEncoding = 4; lastKnownFileType = sourcecode.swift; path = MockVarsGenerics.generated.swift; sourceTree = "<group>"; };
		5B6DE04122FEF35700FCB1CC /* Mirage.framework */ = {isa = PBXFileReference; lastKnownFileType = wrapper.framework; name = Mirage.framework; path = Carthage/Build/iOS/Mirage.framework; sourceTree = "<group>"; };
		5B9E424422E3A20E00A6FACE /* Example.app */ = {isa = PBXFileReference; explicitFileType = wrapper.application; includeInIndex = 0; path = Example.app; sourceTree = BUILT_PRODUCTS_DIR; };
		5B9E424722E3A20E00A6FACE /* AppDelegate.swift */ = {isa = PBXFileReference; lastKnownFileType = sourcecode.swift; path = AppDelegate.swift; sourceTree = "<group>"; };
		5B9E424922E3A20E00A6FACE /* ViewController.swift */ = {isa = PBXFileReference; lastKnownFileType = sourcecode.swift; path = ViewController.swift; sourceTree = "<group>"; };
		5B9E424C22E3A20E00A6FACE /* Base */ = {isa = PBXFileReference; lastKnownFileType = file.storyboard; name = Base; path = Base.lproj/Main.storyboard; sourceTree = "<group>"; };
		5B9E424E22E3A20F00A6FACE /* Assets.xcassets */ = {isa = PBXFileReference; lastKnownFileType = folder.assetcatalog; path = Assets.xcassets; sourceTree = "<group>"; };
		5B9E425122E3A20F00A6FACE /* Base */ = {isa = PBXFileReference; lastKnownFileType = file.storyboard; name = Base; path = Base.lproj/LaunchScreen.storyboard; sourceTree = "<group>"; };
		5B9E425322E3A20F00A6FACE /* Info.plist */ = {isa = PBXFileReference; lastKnownFileType = text.plist.xml; path = Info.plist; sourceTree = "<group>"; };
		5B9E425822E3A20F00A6FACE /* ExampleTests.xctest */ = {isa = PBXFileReference; explicitFileType = wrapper.cfbundle; includeInIndex = 0; path = ExampleTests.xctest; sourceTree = BUILT_PRODUCTS_DIR; };
		5B9E425C22E3A20F00A6FACE /* ExampleTests.swift */ = {isa = PBXFileReference; lastKnownFileType = sourcecode.swift; path = ExampleTests.swift; sourceTree = "<group>"; };
		5B9E425E22E3A20F00A6FACE /* Info.plist */ = {isa = PBXFileReference; lastKnownFileType = text.plist.xml; path = Info.plist; sourceTree = "<group>"; };
		5BFED21E23002F740014B452 /* Any.swift */ = {isa = PBXFileReference; fileEncoding = 4; lastKnownFileType = sourcecode.swift; path = Any.swift; sourceTree = "<group>"; };
		5BFED21F23002F740014B452 /* MockExts.swift */ = {isa = PBXFileReference; fileEncoding = 4; lastKnownFileType = sourcecode.swift; path = MockExts.swift; sourceTree = "<group>"; };
/* End PBXFileReference section */

/* Begin PBXFrameworksBuildPhase section */
		5B9E424122E3A20D00A6FACE /* Frameworks */ = {
			isa = PBXFrameworksBuildPhase;
			buildActionMask = 2147483647;
			files = (
			);
			runOnlyForDeploymentPostprocessing = 0;
		};
		5B9E425522E3A20F00A6FACE /* Frameworks */ = {
			isa = PBXFrameworksBuildPhase;
			buildActionMask = 2147483647;
			files = (
				5B6DE04222FEF35800FCB1CC /* Mirage.framework in Frameworks */,
			);
			runOnlyForDeploymentPostprocessing = 0;
		};
/* End PBXFrameworksBuildPhase section */

/* Begin PBXGroup section */
		5B4B93CE231BBB2B00E64F17 /* funcs */ = {
			isa = PBXGroup;
			children = (
				5B4B93D3231BBB2B00E64F17 /* FuncTypesArgs.swift */,
				5B4B93D6231BBB2B00E64F17 /* FuncTypesReturns.swift */,
				5B4B93D4231BBB2B00E64F17 /* FuncSpecial.swift */,
				5B4B93D0231BBB2B00E64F17 /* FuncClosuresArgs.swift */,
				5B4B93D5231BBB2B00E64F17 /* FuncClosuresReturns.swift */,
				5B4B93CF231BBB2B00E64F17 /* FuncTuplesArgs.swift */,
				5B4B93D1231BBB2B00E64F17 /* FuncTuplesReturns.swift */,
				5B4B93D2231BBB2B00E64F17 /* FuncGenerics.swift */,
			);
			path = funcs;
			sourceTree = "<group>";
		};
		5B4B93D7231BBB2B00E64F17 /* vars */ = {
			isa = PBXGroup;
			children = (
				5B4B93D9231BBB2B00E64F17 /* Vars.swift */,
				5B4B93D8231BBB2B00E64F17 /* VarsSpecial.swift */,
				5B4B93DA231BBB2B00E64F17 /* VarsTuples.swift */,
				5B4B93DB231BBB2B00E64F17 /* VarsClosures.swift */,
				5B4B93DC231BBB2B00E64F17 /* VarsGenerics.swift */,
			);
			path = vars;
			sourceTree = "<group>";
		};
		5B6DE04022FEF35700FCB1CC /* Frameworks */ = {
			isa = PBXGroup;
			children = (
				5B6DE04122FEF35700FCB1CC /* Mirage.framework */,
			);
			name = Frameworks;
			sourceTree = "<group>";
		};
		5B9E423B22E3A20D00A6FACE = {
			isa = PBXGroup;
			children = (
				5B9E424622E3A20E00A6FACE /* Example */,
				5B9E425B22E3A20F00A6FACE /* ExampleTests */,
				5B9E424522E3A20E00A6FACE /* Products */,
				5B6DE04022FEF35700FCB1CC /* Frameworks */,
			);
			sourceTree = "<group>";
		};
		5B9E424522E3A20E00A6FACE /* Products */ = {
			isa = PBXGroup;
			children = (
				5B9E424422E3A20E00A6FACE /* Example.app */,
				5B9E425822E3A20F00A6FACE /* ExampleTests.xctest */,
			);
			name = Products;
			sourceTree = "<group>";
		};
		5B9E424622E3A20E00A6FACE /* Example */ = {
			isa = PBXGroup;
			children = (
				5B9E428B22E3B49600A6FACE /* Class */,
				5B9E429022E3B49600A6FACE /* Protocol */,
				5B9E424722E3A20E00A6FACE /* AppDelegate.swift */,
				5B9E424922E3A20E00A6FACE /* ViewController.swift */,
				5B9E424B22E3A20E00A6FACE /* Main.storyboard */,
				5B9E424E22E3A20F00A6FACE /* Assets.xcassets */,
				5B9E425022E3A20F00A6FACE /* LaunchScreen.storyboard */,
				5B9E425322E3A20F00A6FACE /* Info.plist */,
			);
			path = Example;
			sourceTree = "<group>";
		};
		5B9E425B22E3A20F00A6FACE /* ExampleTests */ = {
			isa = PBXGroup;
			children = (
				5BFED21723002F740014B452 /* mocks */,
				5B9E425C22E3A20F00A6FACE /* ExampleTests.swift */,
				5B9E425E22E3A20F00A6FACE /* Info.plist */,
			);
			path = ExampleTests;
			sourceTree = "<group>";
		};
		5B9E428B22E3B49600A6FACE /* Class */ = {
			isa = PBXGroup;
			children = (
				5B0788BE231BE8CE00F7EFB3 /* MyClass.swift */,
				5B0788C0231BEA0100F7EFB3 /* MyClassSubclass.swift */,
				5B0788C6231BF14700F7EFB3 /* MyProtocolledClass.swift */,
				5B0788C7231BF14800F7EFB3 /* MyMyProtocolledSubclass.swift */,
				5B0788CE231C011300F7EFB3 /* MyClassForPartial.swift */,
			);
			path = Class;
			sourceTree = "<group>";
		};
		5B9E429022E3B49600A6FACE /* Protocol */ = {
			isa = PBXGroup;
			children = (
				5B4B93CE231BBB2B00E64F17 /* funcs */,
				5B4B93D7231BBB2B00E64F17 /* vars */,
			);
			path = Protocol;
			sourceTree = "<group>";
		};
		5BFED21723002F740014B452 /* mocks */ = {
			isa = PBXGroup;
			children = (
				5BFED21823002F740014B452 /* generated */,
				5BFED21E23002F740014B452 /* Any.swift */,
				5BFED21F23002F740014B452 /* MockExts.swift */,
			);
			path = mocks;
			sourceTree = "<group>";
		};
		5BFED21823002F740014B452 /* generated */ = {
			isa = PBXGroup;
			children = (
				5B0788C2231BF0A300F7EFB3 /* MockMyClass.generated.swift */,
				5B0788C3231BF0A400F7EFB3 /* MockMyClassSubclass.generated.swift */,
				5B0788CB231BF1C600F7EFB3 /* MockMyProtocolledClass.generated.swift */,
				5B0788CA231BF1C600F7EFB3 /* MockMyProtocolledSubclass.generated.swift */,
				5B0788D0231C027600F7EFB3 /* MockMyClassForPartial.generated.swift */,
				5B4B93F2231BBB9500E64F17 /* MockFuncClosuresArgs.generated.swift */,
				5B4B93ED231BBB9500E64F17 /* MockFuncClosuresReturns.generated.swift */,
				5B4B93EB231BBB9500E64F17 /* MockFuncGenerics.generated.swift */,
				5B4B93F0231BBB9500E64F17 /* MockFuncSpecial.generated.swift */,
				5B4B93EC231BBB9500E64F17 /* MockFuncTuplesArgs.generated.swift */,
				5B4B93F3231BBB9500E64F17 /* MockFuncTuplesReturns.generated.swift */,
				5B4B93F4231BBB9500E64F17 /* MockFuncTypesArgs.generated.swift */,
				5B4B93F1231BBB9500E64F17 /* MockFuncTypesReturns.generated.swift */,
				5B4B93F5231BBB9500E64F17 /* MockVars.generated.swift */,
				5B4B93EA231BBB9500E64F17 /* MockVarsClosures.generated.swift */,
				5B4B93EE231BBB9500E64F17 /* MockVarsSpecial.generated.swift */,
				5B4B93EF231BBB9500E64F17 /* MockVarsTuples.generated.swift */,
				5B4B9402231BBD4000E64F17 /* MockVarsGenerics.generated.swift */,
			);
			path = generated;
			sourceTree = "<group>";
		};
/* End PBXGroup section */

/* Begin PBXNativeTarget section */
		5B9E424322E3A20D00A6FACE /* Example */ = {
			isa = PBXNativeTarget;
			buildConfigurationList = 5B9E426122E3A20F00A6FACE /* Build configuration list for PBXNativeTarget "Example" */;
			buildPhases = (
				5B9E424022E3A20D00A6FACE /* Sources */,
				5B9E424122E3A20D00A6FACE /* Frameworks */,
				5B9E424222E3A20D00A6FACE /* Resources */,
			);
			buildRules = (
			);
			dependencies = (
			);
			name = Example;
			productName = Example;
			productReference = 5B9E424422E3A20E00A6FACE /* Example.app */;
			productType = "com.apple.product-type.application";
		};
		5B9E425722E3A20F00A6FACE /* ExampleTests */ = {
			isa = PBXNativeTarget;
			buildConfigurationList = 5B9E426422E3A20F00A6FACE /* Build configuration list for PBXNativeTarget "ExampleTests" */;
			buildPhases = (
				5B9E42A922E3BC3300A6FACE /* Run Script. Generate Mocks */,
				5B9E425422E3A20F00A6FACE /* Sources */,
				5B9E425522E3A20F00A6FACE /* Frameworks */,
				5B9E425622E3A20F00A6FACE /* Resources */,
			);
			buildRules = (
			);
			dependencies = (
				5B9E425A22E3A20F00A6FACE /* PBXTargetDependency */,
			);
			name = ExampleTests;
			productName = ExampleTests;
			productReference = 5B9E425822E3A20F00A6FACE /* ExampleTests.xctest */;
			productType = "com.apple.product-type.bundle.unit-test";
		};
/* End PBXNativeTarget section */

/* Begin PBXProject section */
		5B9E423C22E3A20D00A6FACE /* Project object */ = {
			isa = PBXProject;
			attributes = {
				LastSwiftUpdateCheck = 1020;
				LastUpgradeCheck = 1020;
				ORGANIZATIONNAME = "Valeriy Bezuglyy";
				TargetAttributes = {
					5B9E424322E3A20D00A6FACE = {
						CreatedOnToolsVersion = 10.2;
					};
					5B9E425722E3A20F00A6FACE = {
						CreatedOnToolsVersion = 10.2;
						TestTargetID = 5B9E424322E3A20D00A6FACE;
					};
				};
			};
			buildConfigurationList = 5B9E423F22E3A20D00A6FACE /* Build configuration list for PBXProject "Example" */;
			compatibilityVersion = "Xcode 9.3";
			developmentRegion = en;
			hasScannedForEncodings = 0;
			knownRegions = (
				en,
				Base,
			);
			mainGroup = 5B9E423B22E3A20D00A6FACE;
			productRefGroup = 5B9E424522E3A20E00A6FACE /* Products */;
			projectDirPath = "";
			projectRoot = "";
			targets = (
				5B9E424322E3A20D00A6FACE /* Example */,
				5B9E425722E3A20F00A6FACE /* ExampleTests */,
			);
		};
/* End PBXProject section */

/* Begin PBXResourcesBuildPhase section */
		5B9E424222E3A20D00A6FACE /* Resources */ = {
			isa = PBXResourcesBuildPhase;
			buildActionMask = 2147483647;
			files = (
				5B9E425222E3A20F00A6FACE /* LaunchScreen.storyboard in Resources */,
				5B9E424F22E3A20F00A6FACE /* Assets.xcassets in Resources */,
				5B9E424D22E3A20E00A6FACE /* Main.storyboard in Resources */,
			);
			runOnlyForDeploymentPostprocessing = 0;
		};
		5B9E425622E3A20F00A6FACE /* Resources */ = {
			isa = PBXResourcesBuildPhase;
			buildActionMask = 2147483647;
			files = (
			);
			runOnlyForDeploymentPostprocessing = 0;
		};
/* End PBXResourcesBuildPhase section */

/* Begin PBXShellScriptBuildPhase section */
		5B9E42A922E3BC3300A6FACE /* Run Script. Generate Mocks */ = {
			isa = PBXShellScriptBuildPhase;
			buildActionMask = 2147483647;
			files = (
			);
			inputFileListPaths = (
			);
			inputPaths = (
			);
			name = "Run Script. Generate Mocks";
			outputFileListPaths = (
			);
			outputPaths = (
			);
			runOnlyForDeploymentPostprocessing = 0;
			shellPath = /bin/sh;
			shellScript = "# Type a script or drag a script file from your workspace to insert its path.\nsourcery --config \"${SRCROOT}/../Template/sourcery-mocks.yml\"\n";
		};
/* End PBXShellScriptBuildPhase section */

/* Begin PBXSourcesBuildPhase section */
		5B9E424022E3A20D00A6FACE /* Sources */ = {
			isa = PBXSourcesBuildPhase;
			buildActionMask = 2147483647;
			files = (
				5B0788C1231BEA0100F7EFB3 /* MyClassSubclass.swift in Sources */,
				5B0788C9231BF14800F7EFB3 /* MyMyProtocolledSubclass.swift in Sources */,
				5B4B93E8231BBB2B00E64F17 /* VarsClosures.swift in Sources */,
				5B0788C8231BF14800F7EFB3 /* MyProtocolledClass.swift in Sources */,
				5B4B93E1231BBB2B00E64F17 /* FuncTypesArgs.swift in Sources */,
				5B4B93E7231BBB2B00E64F17 /* VarsTuples.swift in Sources */,
				5B4B93DD231BBB2B00E64F17 /* FuncTuplesArgs.swift in Sources */,
				5B4B93E3231BBB2B00E64F17 /* FuncClosuresReturns.swift in Sources */,
				5B4B93E5231BBB2B00E64F17 /* VarsSpecial.swift in Sources */,
				5B4B93DE231BBB2B00E64F17 /* FuncClosuresArgs.swift in Sources */,
				5B9E424A22E3A20E00A6FACE /* ViewController.swift in Sources */,
				5B4B93DF231BBB2B00E64F17 /* FuncTuplesReturns.swift in Sources */,
				5B4B93E6231BBB2B00E64F17 /* Vars.swift in Sources */,
				5B4B93E4231BBB2B00E64F17 /* FuncTypesReturns.swift in Sources */,
				5B0788CF231C011300F7EFB3 /* MyClassForPartial.swift in Sources */,
				5B0788BF231BE8CE00F7EFB3 /* MyClass.swift in Sources */,
				5B9E424822E3A20E00A6FACE /* AppDelegate.swift in Sources */,
				5B4B93E0231BBB2B00E64F17 /* FuncGenerics.swift in Sources */,
				5B4B93E2231BBB2B00E64F17 /* FuncSpecial.swift in Sources */,
				5B4B93E9231BBB2B00E64F17 /* VarsGenerics.swift in Sources */,
			);
			runOnlyForDeploymentPostprocessing = 0;
		};
		5B9E425422E3A20F00A6FACE /* Sources */ = {
			isa = PBXSourcesBuildPhase;
			buildActionMask = 2147483647;
			files = (
				5B4B93FC231BBB9500E64F17 /* MockFuncSpecial.generated.swift in Sources */,
				5B0788CC231BF1C600F7EFB3 /* MockMyProtocolledSubclass.generated.swift in Sources */,
				5B4B93FF231BBB9600E64F17 /* MockFuncTuplesReturns.generated.swift in Sources */,
				5B0788CD231BF1C600F7EFB3 /* MockMyProtocolledClass.generated.swift in Sources */,
				5B4B9401231BBB9600E64F17 /* MockVars.generated.swift in Sources */,
				5B4B93F8231BBB9500E64F17 /* MockFuncTuplesArgs.generated.swift in Sources */,
				5B4B93F7231BBB9500E64F17 /* MockFuncGenerics.generated.swift in Sources */,
				5B4B93FB231BBB9500E64F17 /* MockVarsTuples.generated.swift in Sources */,
				5B4B93F6231BBB9500E64F17 /* MockVarsClosures.generated.swift in Sources */,
				5B0788C5231BF0A400F7EFB3 /* MockMyClassSubclass.generated.swift in Sources */,
				5BFED22523002F740014B452 /* Any.swift in Sources */,
				5B0788C4231BF0A400F7EFB3 /* MockMyClass.generated.swift in Sources */,
				5BFED22623002F740014B452 /* MockExts.swift in Sources */,
				5B4B93FE231BBB9500E64F17 /* MockFuncClosuresArgs.generated.swift in Sources */,
				5B4B93FD231BBB9500E64F17 /* MockFuncTypesReturns.generated.swift in Sources */,
				5B9E425D22E3A20F00A6FACE /* ExampleTests.swift in Sources */,
				5B4B9403231BBD4000E64F17 /* MockVarsGenerics.generated.swift in Sources */,
				5B0788D1231C027600F7EFB3 /* MockMyClassForPartial.generated.swift in Sources */,
				5B4B93FA231BBB9500E64F17 /* MockVarsSpecial.generated.swift in Sources */,
				5B4B93F9231BBB9500E64F17 /* MockFuncClosuresReturns.generated.swift in Sources */,
				5B4B9400231BBB9600E64F17 /* MockFuncTypesArgs.generated.swift in Sources */,
			);
			runOnlyForDeploymentPostprocessing = 0;
		};
/* End PBXSourcesBuildPhase section */

/* Begin PBXTargetDependency section */
		5B9E425A22E3A20F00A6FACE /* PBXTargetDependency */ = {
			isa = PBXTargetDependency;
			target = 5B9E424322E3A20D00A6FACE /* Example */;
			targetProxy = 5B9E425922E3A20F00A6FACE /* PBXContainerItemProxy */;
		};
/* End PBXTargetDependency section */

/* Begin PBXVariantGroup section */
		5B9E424B22E3A20E00A6FACE /* Main.storyboard */ = {
			isa = PBXVariantGroup;
			children = (
				5B9E424C22E3A20E00A6FACE /* Base */,
			);
			name = Main.storyboard;
			sourceTree = "<group>";
		};
		5B9E425022E3A20F00A6FACE /* LaunchScreen.storyboard */ = {
			isa = PBXVariantGroup;
			children = (
				5B9E425122E3A20F00A6FACE /* Base */,
			);
			name = LaunchScreen.storyboard;
			sourceTree = "<group>";
		};
/* End PBXVariantGroup section */

/* Begin XCBuildConfiguration section */
		5B9E425F22E3A20F00A6FACE /* Debug */ = {
			isa = XCBuildConfiguration;
			buildSettings = {
				ALWAYS_SEARCH_USER_PATHS = NO;
				CLANG_ANALYZER_NONNULL = YES;
				CLANG_ANALYZER_NUMBER_OBJECT_CONVERSION = YES_AGGRESSIVE;
				CLANG_CXX_LANGUAGE_STANDARD = "gnu++14";
				CLANG_CXX_LIBRARY = "libc++";
				CLANG_ENABLE_MODULES = YES;
				CLANG_ENABLE_OBJC_ARC = YES;
				CLANG_ENABLE_OBJC_WEAK = YES;
				CLANG_WARN_BLOCK_CAPTURE_AUTORELEASING = YES;
				CLANG_WARN_BOOL_CONVERSION = YES;
				CLANG_WARN_COMMA = YES;
				CLANG_WARN_CONSTANT_CONVERSION = YES;
				CLANG_WARN_DEPRECATED_OBJC_IMPLEMENTATIONS = YES;
				CLANG_WARN_DIRECT_OBJC_ISA_USAGE = YES_ERROR;
				CLANG_WARN_DOCUMENTATION_COMMENTS = YES;
				CLANG_WARN_EMPTY_BODY = YES;
				CLANG_WARN_ENUM_CONVERSION = YES;
				CLANG_WARN_INFINITE_RECURSION = YES;
				CLANG_WARN_INT_CONVERSION = YES;
				CLANG_WARN_NON_LITERAL_NULL_CONVERSION = YES;
				CLANG_WARN_OBJC_IMPLICIT_RETAIN_SELF = YES;
				CLANG_WARN_OBJC_LITERAL_CONVERSION = YES;
				CLANG_WARN_OBJC_ROOT_CLASS = YES_ERROR;
				CLANG_WARN_RANGE_LOOP_ANALYSIS = YES;
				CLANG_WARN_STRICT_PROTOTYPES = YES;
				CLANG_WARN_SUSPICIOUS_MOVE = YES;
				CLANG_WARN_UNGUARDED_AVAILABILITY = YES_AGGRESSIVE;
				CLANG_WARN_UNREACHABLE_CODE = YES;
				CLANG_WARN__DUPLICATE_METHOD_MATCH = YES;
				CODE_SIGN_IDENTITY = "iPhone Developer";
				COPY_PHASE_STRIP = NO;
				DEBUG_INFORMATION_FORMAT = dwarf;
				ENABLE_STRICT_OBJC_MSGSEND = YES;
				ENABLE_TESTABILITY = YES;
				GCC_C_LANGUAGE_STANDARD = gnu11;
				GCC_DYNAMIC_NO_PIC = NO;
				GCC_NO_COMMON_BLOCKS = YES;
				GCC_OPTIMIZATION_LEVEL = 0;
				GCC_PREPROCESSOR_DEFINITIONS = (
					"DEBUG=1",
					"$(inherited)",
				);
				GCC_WARN_64_TO_32_BIT_CONVERSION = YES;
				GCC_WARN_ABOUT_RETURN_TYPE = YES_ERROR;
				GCC_WARN_UNDECLARED_SELECTOR = YES;
				GCC_WARN_UNINITIALIZED_AUTOS = YES_AGGRESSIVE;
				GCC_WARN_UNUSED_FUNCTION = YES;
				GCC_WARN_UNUSED_VARIABLE = YES;
				IPHONEOS_DEPLOYMENT_TARGET = 12.2;
				MTL_ENABLE_DEBUG_INFO = INCLUDE_SOURCE;
				MTL_FAST_MATH = YES;
				ONLY_ACTIVE_ARCH = YES;
				SDKROOT = iphoneos;
				SWIFT_ACTIVE_COMPILATION_CONDITIONS = DEBUG;
				SWIFT_OPTIMIZATION_LEVEL = "-Onone";
			};
			name = Debug;
		};
		5B9E426022E3A20F00A6FACE /* Release */ = {
			isa = XCBuildConfiguration;
			buildSettings = {
				ALWAYS_SEARCH_USER_PATHS = NO;
				CLANG_ANALYZER_NONNULL = YES;
				CLANG_ANALYZER_NUMBER_OBJECT_CONVERSION = YES_AGGRESSIVE;
				CLANG_CXX_LANGUAGE_STANDARD = "gnu++14";
				CLANG_CXX_LIBRARY = "libc++";
				CLANG_ENABLE_MODULES = YES;
				CLANG_ENABLE_OBJC_ARC = YES;
				CLANG_ENABLE_OBJC_WEAK = YES;
				CLANG_WARN_BLOCK_CAPTURE_AUTORELEASING = YES;
				CLANG_WARN_BOOL_CONVERSION = YES;
				CLANG_WARN_COMMA = YES;
				CLANG_WARN_CONSTANT_CONVERSION = YES;
				CLANG_WARN_DEPRECATED_OBJC_IMPLEMENTATIONS = YES;
				CLANG_WARN_DIRECT_OBJC_ISA_USAGE = YES_ERROR;
				CLANG_WARN_DOCUMENTATION_COMMENTS = YES;
				CLANG_WARN_EMPTY_BODY = YES;
				CLANG_WARN_ENUM_CONVERSION = YES;
				CLANG_WARN_INFINITE_RECURSION = YES;
				CLANG_WARN_INT_CONVERSION = YES;
				CLANG_WARN_NON_LITERAL_NULL_CONVERSION = YES;
				CLANG_WARN_OBJC_IMPLICIT_RETAIN_SELF = YES;
				CLANG_WARN_OBJC_LITERAL_CONVERSION = YES;
				CLANG_WARN_OBJC_ROOT_CLASS = YES_ERROR;
				CLANG_WARN_RANGE_LOOP_ANALYSIS = YES;
				CLANG_WARN_STRICT_PROTOTYPES = YES;
				CLANG_WARN_SUSPICIOUS_MOVE = YES;
				CLANG_WARN_UNGUARDED_AVAILABILITY = YES_AGGRESSIVE;
				CLANG_WARN_UNREACHABLE_CODE = YES;
				CLANG_WARN__DUPLICATE_METHOD_MATCH = YES;
				CODE_SIGN_IDENTITY = "iPhone Developer";
				COPY_PHASE_STRIP = NO;
				DEBUG_INFORMATION_FORMAT = "dwarf-with-dsym";
				ENABLE_NS_ASSERTIONS = NO;
				ENABLE_STRICT_OBJC_MSGSEND = YES;
				GCC_C_LANGUAGE_STANDARD = gnu11;
				GCC_NO_COMMON_BLOCKS = YES;
				GCC_WARN_64_TO_32_BIT_CONVERSION = YES;
				GCC_WARN_ABOUT_RETURN_TYPE = YES_ERROR;
				GCC_WARN_UNDECLARED_SELECTOR = YES;
				GCC_WARN_UNINITIALIZED_AUTOS = YES_AGGRESSIVE;
				GCC_WARN_UNUSED_FUNCTION = YES;
				GCC_WARN_UNUSED_VARIABLE = YES;
				IPHONEOS_DEPLOYMENT_TARGET = 12.2;
				MTL_ENABLE_DEBUG_INFO = NO;
				MTL_FAST_MATH = YES;
				SDKROOT = iphoneos;
				SWIFT_COMPILATION_MODE = wholemodule;
				SWIFT_OPTIMIZATION_LEVEL = "-O";
				VALIDATE_PRODUCT = YES;
			};
			name = Release;
		};
		5B9E426222E3A20F00A6FACE /* Debug */ = {
			isa = XCBuildConfiguration;
			buildSettings = {
				ASSETCATALOG_COMPILER_APPICON_NAME = AppIcon;
				CODE_SIGN_STYLE = Automatic;
				INFOPLIST_FILE = Example/Info.plist;
				LD_RUNPATH_SEARCH_PATHS = (
					"$(inherited)",
					"@executable_path/Frameworks",
				);
				PRODUCT_BUNDLE_IDENTIFIER = com.valeriybezuglyy.Example;
				PRODUCT_NAME = "$(TARGET_NAME)";
				SWIFT_VERSION = 5.0;
				TARGETED_DEVICE_FAMILY = "1,2";
			};
			name = Debug;
		};
		5B9E426322E3A20F00A6FACE /* Release */ = {
			isa = XCBuildConfiguration;
			buildSettings = {
				ASSETCATALOG_COMPILER_APPICON_NAME = AppIcon;
				CODE_SIGN_STYLE = Automatic;
				INFOPLIST_FILE = Example/Info.plist;
				LD_RUNPATH_SEARCH_PATHS = (
					"$(inherited)",
					"@executable_path/Frameworks",
				);
				PRODUCT_BUNDLE_IDENTIFIER = com.valeriybezuglyy.Example;
				PRODUCT_NAME = "$(TARGET_NAME)";
				SWIFT_VERSION = 5.0;
				TARGETED_DEVICE_FAMILY = "1,2";
			};
			name = Release;
		};
		5B9E426522E3A20F00A6FACE /* Debug */ = {
			isa = XCBuildConfiguration;
			buildSettings = {
				ALWAYS_EMBED_SWIFT_STANDARD_LIBRARIES = YES;
				BUNDLE_LOADER = "$(TEST_HOST)";
				CODE_SIGN_STYLE = Automatic;
				FRAMEWORK_SEARCH_PATHS = (
					"$(inherited)",
					"$(PROJECT_DIR)/Carthage/Build/iOS",
				);
				INFOPLIST_FILE = ExampleTests/Info.plist;
				LD_RUNPATH_SEARCH_PATHS = (
					"$(inherited)",
					"@executable_path/Frameworks",
					"@loader_path/Frameworks",
				);
				PRODUCT_BUNDLE_IDENTIFIER = com.valeriybezuglyy.ExampleTests;
				PRODUCT_NAME = "$(TARGET_NAME)";
				SWIFT_VERSION = 5.0;
				TARGETED_DEVICE_FAMILY = "1,2";
				TEST_HOST = "$(BUILT_PRODUCTS_DIR)/Example.app/Example";
			};
			name = Debug;
		};
		5B9E426622E3A20F00A6FACE /* Release */ = {
			isa = XCBuildConfiguration;
			buildSettings = {
				ALWAYS_EMBED_SWIFT_STANDARD_LIBRARIES = YES;
				BUNDLE_LOADER = "$(TEST_HOST)";
				CODE_SIGN_STYLE = Automatic;
				FRAMEWORK_SEARCH_PATHS = (
					"$(inherited)",
					"$(PROJECT_DIR)/Carthage/Build/iOS",
				);
				INFOPLIST_FILE = ExampleTests/Info.plist;
				LD_RUNPATH_SEARCH_PATHS = (
					"$(inherited)",
					"@executable_path/Frameworks",
					"@loader_path/Frameworks",
				);
				PRODUCT_BUNDLE_IDENTIFIER = com.valeriybezuglyy.ExampleTests;
				PRODUCT_NAME = "$(TARGET_NAME)";
				SWIFT_VERSION = 5.0;
				TARGETED_DEVICE_FAMILY = "1,2";
				TEST_HOST = "$(BUILT_PRODUCTS_DIR)/Example.app/Example";
			};
			name = Release;
		};
/* End XCBuildConfiguration section */

/* Begin XCConfigurationList section */
		5B9E423F22E3A20D00A6FACE /* Build configuration list for PBXProject "Example" */ = {
			isa = XCConfigurationList;
			buildConfigurations = (
				5B9E425F22E3A20F00A6FACE /* Debug */,
				5B9E426022E3A20F00A6FACE /* Release */,
			);
			defaultConfigurationIsVisible = 0;
			defaultConfigurationName = Release;
		};
		5B9E426122E3A20F00A6FACE /* Build configuration list for PBXNativeTarget "Example" */ = {
			isa = XCConfigurationList;
			buildConfigurations = (
				5B9E426222E3A20F00A6FACE /* Debug */,
				5B9E426322E3A20F00A6FACE /* Release */,
			);
			defaultConfigurationIsVisible = 0;
			defaultConfigurationName = Release;
		};
		5B9E426422E3A20F00A6FACE /* Build configuration list for PBXNativeTarget "ExampleTests" */ = {
			isa = XCConfigurationList;
			buildConfigurations = (
				5B9E426522E3A20F00A6FACE /* Debug */,
				5B9E426622E3A20F00A6FACE /* Release */,
			);
			defaultConfigurationIsVisible = 0;
			defaultConfigurationName = Release;
		};
/* End XCConfigurationList section */
	};
	rootObject = 5B9E423C22E3A20D00A6FACE /* Project object */;
}
